
Microsoft Visual Studio Solution File, Format Version 12.00
Project("{FAE04EC0-301F-11D3-BF4B-00C04F79EFBC}") = "Task1", "Task1\Task1.csproj", "{F91EB733-6094-4161-9C08-E08F61FBC0EA}"
EndProject
Project("{FAE04EC0-301F-11D3-BF4B-00C04F79EFBC}") = "Task2", "Task2\Task2.csproj", "{315DD587-4C01-4306-B97F-6D19A3B9F797}"
EndProject
Project("{FAE04EC0-301F-11D3-BF4B-00C04F79EFBC}") = "Task3", "Task3\Task3.csproj", "{DBC1523F-FAA7-4C26-AACF-D76A3CB859C7}"
EndProject
Project("{FAE04EC0-301F-11D3-BF4B-00C04F79EFBC}") = "Task4", "Task4\Task4.csproj", "{5D394457-B2A2-4D49-89CA-9C0ED9807E82}"
EndProject
Project("{FAE04EC0-301F-11D3-BF4B-00C04F79EFBC}") = "Task5", "Task5\Task5.csproj", "{90A0D59B-A949-4B89-97B8-7D753DFC5DCB}"
EndProject
Global
	GlobalSection(SolutionConfigurationPlatforms) = preSolution
		Debug|Any CPU = Debug|Any CPU
		Release|Any CPU = Release|Any CPU
	EndGlobalSection
	GlobalSection(ProjectConfigurationPlatforms) = postSolution
		{F91EB733-6094-4161-9C08-E08F61FBC0EA}.Debug|Any CPU.ActiveCfg = Debug|Any CPU
		{F91EB733-6094-4161-9C08-E08F61FBC0EA}.Debug|Any CPU.Build.0 = Debug|Any CPU
		{F91EB733-6094-4161-9C08-E08F61FBC0EA}.Release|Any CPU.ActiveCfg = Release|Any CPU
		{F91EB733-6094-4161-9C08-E08F61FBC0EA}.Release|Any CPU.Build.0 = Release|Any CPU
		{315DD587-4C01-4306-B97F-6D19A3B9F797}.Debug|Any CPU.ActiveCfg = Debug|Any CPU
		{315DD587-4C01-4306-B97F-6D19A3B9F797}.Debug|Any CPU.Build.0 = Debug|Any CPU
		{315DD587-4C01-4306-B97F-6D19A3B9F797}.Release|Any CPU.ActiveCfg = Release|Any CPU
		{315DD587-4C01-4306-B97F-6D19A3B9F797}.Release|Any CPU.Build.0 = Release|Any CPU
		{DBC1523F-FAA7-4C26-AACF-D76A3CB859C7}.Debug|Any CPU.ActiveCfg = Debug|Any CPU
		{DBC1523F-FAA7-4C26-AACF-D76A3CB859C7}.Debug|Any CPU.Build.0 = Debug|Any CPU
		{DBC1523F-FAA7-4C26-AACF-D76A3CB859C7}.Release|Any CPU.ActiveCfg = Release|Any CPU
		{DBC1523F-FAA7-4C26-AACF-D76A3CB859C7}.Release|Any CPU.Build.0 = Release|Any CPU
		{5D394457-B2A2-4D49-89CA-9C0ED9807E82}.Debug|Any CPU.ActiveCfg = Debug|Any CPU
		{5D394457-B2A2-4D49-89CA-9C0ED9807E82}.Debug|Any CPU.Build.0 = Debug|Any CPU
		{5D394457-B2A2-4D49-89CA-9C0ED9807E82}.Release|Any CPU.ActiveCfg = Release|Any CPU
		{5D394457-B2A2-4D49-89CA-9C0ED9807E82}.Release|Any CPU.Build.0 = Release|Any CPU
		{90A0D59B-A949-4B89-97B8-7D753DFC5DCB}.Debug|Any CPU.ActiveCfg = Debug|Any CPU
		{90A0D59B-A949-4B89-97B8-7D753DFC5DCB}.Debug|Any CPU.Build.0 = Debug|Any CPU
		{90A0D59B-A949-4B89-97B8-7D753DFC5DCB}.Release|Any CPU.ActiveCfg = Release|Any CPU
		{90A0D59B-A949-4B89-97B8-7D753DFC5DCB}.Release|Any CPU.Build.0 = Release|Any CPU
	EndGlobalSection
EndGlobal
